<?xml version="1.0" encoding="utf-8"?>
<Project ToolsVersion="4.0" xmlns="http://schemas.microsoft.com/developer/msbuild/2003">
  <ItemGroup>
    <Filter Include="Source Files">
      <UniqueIdentifier>{4FC737F1-C7A5-4376-A066-2A32D752A2FF}</UniqueIdentifier>
      <Extensions>cpp;c;cc;cxx;def;odl;idl;hpj;bat;asm;asmx</Extensions>
    </Filter>
    <Filter Include="Header Files">
      <UniqueIdentifier>{93995380-89BD-4b04-88EB-625FBE52EBFB}</UniqueIdentifier>
      <Extensions>h;hh;hpp;hxx;hm;inl;inc;xsd</Extensions>
    </Filter>
    <Filter Include="Resource Files">
      <UniqueIdentifier>{67DA6AB6-F800-4c08-8B7A-83BB121AAD01}</UniqueIdentifier>
      <Extensions>rc;ico;cur;bmp;dlg;rc2;rct;bin;rgs;gif;jpg;jpeg;jpe;resx;tiff;tif;png;wav;mfcribbon-ms</Extensions>
    </Filter>
    <Filter Include="Header Files\Enemies">
      <UniqueIdentifier>{24c575b5-6845-49bf-9ace-7de61022c12d}</UniqueIdentifier>
    </Filter>
    <Filter Include="Source Files\Enemies">
      <UniqueIdentifier>{c6d6207f-b51b-42ff-b81a-eeca78157ce4}</UniqueIdentifier>
    </Filter>
    <Filter Include="Header Files\Config">
      <UniqueIdentifier>{eb44ea35-3830-47b9-9aa9-b705579feeae}</UniqueIdentifier>
    </Filter>
    <Filter Include="Header Files\Items">
      <UniqueIdentifier>{d03c4f00-f85b-41c1-93ca-7e3c7e6162cc}</UniqueIdentifier>
    </Filter>
    <Filter Include="Source Files\Items">
      <UniqueIdentifier>{859c05e4-8bfd-4554-a9e6-e0960a4bd2a1}</UniqueIdentifier>
    </Filter>
    <Filter Include="Header Files\Games">
      <UniqueIdentifier>{c7447473-7418-4e81-b7e9-e2405aad8654}</UniqueIdentifier>
    </Filter>
    <Filter Include="Source Files\Games">
      <UniqueIdentifier>{c345755d-8890-455d-a371-bd750819602f}</UniqueIdentifier>
    </Filter>
    <Filter Include="Header Files\HubItem">
      <UniqueIdentifier>{db4beb19-fe8b-44c5-9eed-fd7767d5c1c1}</UniqueIdentifier>
    </Filter>
    <Filter Include="Source Files\HubItem">
      <UniqueIdentifier>{7b6db338-b7e8-4bd5-94c7-7aafa73bdde4}</UniqueIdentifier>
    </Filter>
    <Filter Include="Header Files\Object">
      <UniqueIdentifier>{0bd8cff6-c48a-467f-9d56-afaed3778398}</UniqueIdentifier>
    </Filter>
    <Filter Include="Source Files\Object">
      <UniqueIdentifier>{f87d57ac-cab4-4845-b9d0-7334932009c8}</UniqueIdentifier>
    </Filter>
    <Filter Include="Header Files\Scene">
      <UniqueIdentifier>{cd91fbaa-3d03-4a59-8727-8018d1877054}</UniqueIdentifier>
    </Filter>
    <Filter Include="Source Files\Scene">
      <UniqueIdentifier>{5638a491-2773-4b3a-8f6c-8aad84d19c7b}</UniqueIdentifier>
    </Filter>
    <Filter Include="Header Files\Worldmap">
      <UniqueIdentifier>{a90bbc0b-c986-4d93-b74c-dc85212b1f15}</UniqueIdentifier>
    </Filter>
    <Filter Include="Source Files\Worldmap">
      <UniqueIdentifier>{b114fc25-c4be-40e3-8817-f2c2a569ddc0}</UniqueIdentifier>
    </Filter>
  </ItemGroup>
  <ItemGroup>
    <ClCompile Include="Game.cpp">
      <Filter>Source Files</Filter>
    </ClCompile>
    <ClCompile Include="GameObject.cpp">
      <Filter>Source Files</Filter>
    </ClCompile>
    <ClCompile Include="main.cpp">
      <Filter>Source Files</Filter>
    </ClCompile>
    <ClCompile Include="Mario.cpp">
      <Filter>Source Files</Filter>
    </ClCompile>
    <ClCompile Include="Sprites.cpp">
      <Filter>Source Files</Filter>
    </ClCompile>
    <ClCompile Include="Textures.cpp">
      <Filter>Source Files</Filter>
    </ClCompile>
    <ClCompile Include="Scence.cpp">
      <Filter>Source Files</Filter>
    </ClCompile>
    <ClCompile Include="PlayScence.cpp">
      <Filter>Source Files</Filter>
    </ClCompile>
    <ClCompile Include="Animations.cpp">
      <Filter>Source Files</Filter>
    </ClCompile>
    <ClCompile Include="Utils.cpp">
      <Filter>Source Files</Filter>
    </ClCompile>
    <ClCompile Include="Portal.cpp">
      <Filter>Source Files</Filter>
    </ClCompile>
    <ClCompile Include="Enemies.cpp">
      <Filter>Source Files\Enemies</Filter>
    </ClCompile>
    <ClCompile Include="FireMario.cpp">
      <Filter>Source Files\Items</Filter>
    </ClCompile>
    <ClCompile Include="Gold.cpp">
      <Filter>Source Files\Items</Filter>
    </ClCompile>
    <ClCompile Include="Map.cpp">
      <Filter>Source Files\Games</Filter>
    </ClCompile>
    <ClCompile Include="CellResource.cpp">
      <Filter>Source Files</Filter>
    </ClCompile>
    <ClCompile Include="GridResource.cpp">
      <Filter>Source Files</Filter>
    </ClCompile>
    <ClCompile Include="Camera.cpp">
      <Filter>Source Files\Games</Filter>
    </ClCompile>
    <ClCompile Include="Road.cpp">
      <Filter>Source Files\Items</Filter>
    </ClCompile>
    <ClCompile Include="Arrow.cpp">
      <Filter>Source Files\HubItem</Filter>
    </ClCompile>
    <ClCompile Include="Coin.cpp">
      <Filter>Source Files\HubItem</Filter>
    </ClCompile>
    <ClCompile Include="Hub.cpp">
      <Filter>Source Files\HubItem</Filter>
    </ClCompile>
    <ClCompile Include="Number.cpp">
      <Filter>Source Files\HubItem</Filter>
    </ClCompile>
    <ClCompile Include="Time.cpp">
      <Filter>Source Files\HubItem</Filter>
    </ClCompile>
    <ClCompile Include="Card.cpp">
      <Filter>Source Files\HubItem</Filter>
    </ClCompile>
    <ClCompile Include="Goomba.cpp">
      <Filter>Source Files\Enemies</Filter>
    </ClCompile>
    <ClCompile Include="Collision.cpp">
      <Filter>Source Files\Games</Filter>
    </ClCompile>
    <ClCompile Include="Brick.cpp">
      <Filter>Source Files\Object</Filter>
    </ClCompile>
    <ClCompile Include="Pipe.cpp">
      <Filter>Source Files\Items</Filter>
    </ClCompile>
    <ClCompile Include="ColorBrick.cpp">
      <Filter>Source Files\Object</Filter>
    </ClCompile>
    <ClCompile Include="QuestionBrick.cpp">
      <Filter>Source Files\Object</Filter>
    </ClCompile>
    <ClCompile Include="ItemCoin.cpp">
      <Filter>Source Files\Items</Filter>
    </ClCompile>
    <ClCompile Include="Mushroom.cpp">
      <Filter>Source Files\Items</Filter>
    </ClCompile>
    <ClCompile Include="Koopas.cpp">
      <Filter>Source Files\Games</Filter>
    </ClCompile>
    <ClCompile Include="Lives.cpp">
      <Filter>Source Files\HubItem</Filter>
    </ClCompile>
    <ClCompile Include="CardText.cpp">
      <Filter>Source Files\HubItem</Filter>
    </ClCompile>
    <ClCompile Include="GoldCard.cpp">
      <Filter>Source Files\HubItem</Filter>
    </ClCompile>
    <ClCompile Include="Tail.cpp">
      <Filter>Source Files\Games</Filter>
    </ClCompile>
    <ClCompile Include="FirePiranhaPlant.cpp">
      <Filter>Source Files\Items</Filter>
    </ClCompile>
    <ClCompile Include="FirePlantBullet.cpp">
      <Filter>Source Files\Items</Filter>
    </ClCompile>
    <ClCompile Include="PiranhaPlant.cpp">
      <Filter>Source Files\Enemies</Filter>
    </ClCompile>
    <ClCompile Include="Leaf.cpp">
      <Filter>Source Files\Items</Filter>
    </ClCompile>
    <ClCompile Include="Score.cpp">
      <Filter>Source Files\Object</Filter>
    </ClCompile>
    <ClCompile Include="ListScore.cpp">
      <Filter>Source Files\Object</Filter>
    </ClCompile>
    <ClCompile Include="WoodBlock.cpp">
      <Filter>Source Files\Items</Filter>
    </ClCompile>
    <ClCompile Include="PieceBrick.cpp">
      <Filter>Source Files\Object</Filter>
    </ClCompile>
    <ClCompile Include="Switch.cpp">
      <Filter>Source Files\Items</Filter>
    </ClCompile>
    <ClCompile Include="Worldmap.cpp">
      <Filter>Source Files\Scene</Filter>
    </ClCompile>
    <ClCompile Include="MarioWorldmap.cpp">
      <Filter>Source Files\Worldmap</Filter>
    </ClCompile>
    <ClCompile Include="Map1.cpp">
      <Filter>Source Files\Worldmap</Filter>
    </ClCompile>
    <ClCompile Include="BackgroundWorldmap.cpp">
      <Filter>Source Files\Worldmap</Filter>
    </ClCompile>
    <ClCompile Include="Turtle.cpp">
      <Filter>Source Files\Worldmap</Filter>
    </ClCompile>
    <ClCompile Include="Node.cpp">
      <Filter>Source Files\Worldmap</Filter>
    </ClCompile>
    <ClCompile Include="BlueBrick.cpp">
      <Filter>Source Files\Items</Filter>
    </ClCompile>
    <ClCompile Include="KoopasHammer.cpp">
      <Filter>Source Files\Enemies</Filter>
    </ClCompile>
    <ClCompile Include="BoomerangBros.cpp">
      <Filter>Source Files\Enemies</Filter>
    </ClCompile>
    <ClCompile Include="Boomerang.cpp">
      <Filter>Source Files\Items</Filter>
    </ClCompile>
    <ClCompile Include="FireBullet.cpp">
      <Filter>Source Files\Items</Filter>
    </ClCompile>
  </ItemGroup>
  <ItemGroup>
    <ClInclude Include="Game.h">
      <Filter>Header Files</Filter>
    </ClInclude>
    <ClInclude Include="GameObject.h">
      <Filter>Header Files</Filter>
    </ClInclude>
    <ClInclude Include="Mario.h">
      <Filter>Header Files</Filter>
    </ClInclude>
    <ClInclude Include="Sprites.h">
      <Filter>Header Files</Filter>
    </ClInclude>
    <ClInclude Include="Textures.h">
      <Filter>Header Files</Filter>
    </ClInclude>
    <ClInclude Include="Scence.h">
      <Filter>Header Files</Filter>
    </ClInclude>
    <ClInclude Include="PlayScence.h">
      <Filter>Header Files</Filter>
    </ClInclude>
    <ClInclude Include="Animations.h">
      <Filter>Header Files</Filter>
    </ClInclude>
    <ClInclude Include="KeyEventHandler.h">
      <Filter>Header Files</Filter>
    </ClInclude>
    <ClInclude Include="Utils.h">
      <Filter>Header Files</Filter>
    </ClInclude>
    <ClInclude Include="Portal.h">
      <Filter>Header Files</Filter>
    </ClInclude>
    <ClInclude Include="Enemies.h">
      <Filter>Header Files\Enemies</Filter>
    </ClInclude>
    <ClInclude Include="MarioConfig.h">
      <Filter>Header Files\Config</Filter>
    </ClInclude>
    <ClInclude Include="TurtleConfig.h">
      <Filter>Header Files\Config</Filter>
    </ClInclude>
    <ClInclude Include="FireMario.h">
      <Filter>Header Files\Items</Filter>
    </ClInclude>
    <ClInclude Include="Gold.h">
      <Filter>Header Files\Items</Filter>
    </ClInclude>
    <ClInclude Include="PlayScenceConfig.h">
      <Filter>Header Files\Config</Filter>
    </ClInclude>
    <ClInclude Include="Map.h">
      <Filter>Header Files\Games</Filter>
    </ClInclude>
    <ClInclude Include="CellResource.h">
      <Filter>Header Files</Filter>
    </ClInclude>
    <ClInclude Include="GridResource.h">
      <Filter>Header Files</Filter>
    </ClInclude>
    <ClInclude Include="GridConfig.h">
      <Filter>Header Files\Config</Filter>
    </ClInclude>
    <ClInclude Include="Camera.h">
      <Filter>Header Files\Games</Filter>
    </ClInclude>
    <ClInclude Include="Road.h">
      <Filter>Header Files\Items</Filter>
    </ClInclude>
    <ClInclude Include="GoombaConfig.h">
      <Filter>Header Files\Config</Filter>
    </ClInclude>
    <ClInclude Include="Coin.h">
      <Filter>Header Files\HubItem</Filter>
    </ClInclude>
    <ClInclude Include="Time.h">
      <Filter>Header Files\HubItem</Filter>
    </ClInclude>
    <ClInclude Include="Arrow.h">
      <Filter>Header Files\HubItem</Filter>
    </ClInclude>
    <ClInclude Include="Number.h">
      <Filter>Header Files\HubItem</Filter>
    </ClInclude>
    <ClInclude Include="Hub.h">
      <Filter>Header Files\HubItem</Filter>
    </ClInclude>
    <ClInclude Include="Card.h">
      <Filter>Header Files\HubItem</Filter>
    </ClInclude>
    <ClInclude Include="Goomba.h">
      <Filter>Header Files\Enemies</Filter>
    </ClInclude>
    <ClInclude Include="Collision.h">
      <Filter>Header Files\Games</Filter>
    </ClInclude>
    <ClInclude Include="Brick.h">
      <Filter>Header Files\Object</Filter>
    </ClInclude>
    <ClInclude Include="Pipe.h">
      <Filter>Header Files\Items</Filter>
    </ClInclude>
    <ClInclude Include="ColorBrick.h">
      <Filter>Header Files\Object</Filter>
    </ClInclude>
    <ClInclude Include="QuestionBrick.h">
      <Filter>Header Files\Object</Filter>
    </ClInclude>
    <ClInclude Include="ItemCoin.h">
      <Filter>Header Files\Items</Filter>
    </ClInclude>
    <ClInclude Include="Mushroom.h">
      <Filter>Header Files\Items</Filter>
    </ClInclude>
    <ClInclude Include="Koopas.h">
      <Filter>Header Files\Enemies</Filter>
    </ClInclude>
    <ClInclude Include="Lives.h">
      <Filter>Header Files\HubItem</Filter>
    </ClInclude>
    <ClInclude Include="CardText.h">
      <Filter>Header Files\HubItem</Filter>
    </ClInclude>
    <ClInclude Include="GoldCard.h">
      <Filter>Header Files\HubItem</Filter>
    </ClInclude>
    <ClInclude Include="Tail.h">
      <Filter>Header Files\Games</Filter>
    </ClInclude>
    <ClInclude Include="FirePiranhaPlant.h">
      <Filter>Header Files\Items</Filter>
    </ClInclude>
    <ClInclude Include="FirePlantBullet.h">
      <Filter>Header Files\Items</Filter>
    </ClInclude>
    <ClInclude Include="PiranhaPlant.h">
      <Filter>Header Files\Enemies</Filter>
    </ClInclude>
    <ClInclude Include="Leaf.h">
      <Filter>Header Files\Items</Filter>
    </ClInclude>
    <ClInclude Include="Score.h">
      <Filter>Header Files\Object</Filter>
    </ClInclude>
    <ClInclude Include="ListScore.h">
      <Filter>Header Files\Object</Filter>
    </ClInclude>
    <ClInclude Include="WoodBlock.h">
      <Filter>Header Files\Items</Filter>
    </ClInclude>
    <ClInclude Include="PieceBrick.h">
      <Filter>Header Files\Object</Filter>
    </ClInclude>
    <ClInclude Include="Switch.h">
      <Filter>Header Files\Items</Filter>
    </ClInclude>
    <ClInclude Include="Worldmap.h">
      <Filter>Header Files\Scene</Filter>
    </ClInclude>
    <ClInclude Include="MarioWorldmap.h">
      <Filter>Header Files\Worldmap</Filter>
    </ClInclude>
    <ClInclude Include="All.h">
      <Filter>Header Files\Config</Filter>
    </ClInclude>
    <ClInclude Include="Map1.h">
      <Filter>Header Files\Worldmap</Filter>
    </ClInclude>
    <ClInclude Include="BackgroundWorldmap.h">
      <Filter>Header Files\Worldmap</Filter>
    </ClInclude>
    <ClInclude Include="Turtle.h">
      <Filter>Header Files\Worldmap</Filter>
    </ClInclude>
    <ClInclude Include="Node.h">
      <Filter>Header Files\Worldmap</Filter>
    </ClInclude>
    <ClInclude Include="BlueBrick.h">
      <Filter>Header Files\Items</Filter>
    </ClInclude>
    <ClInclude Include="CameraConfig.h">
      <Filter>Header Files\Config</Filter>
    </ClInclude>
    <ClInclude Include="KoopasHammer.h">
      <Filter>Header Files\Enemies</Filter>
    </ClInclude>
    <ClInclude Include="BoomerangBros.h">
      <Filter>Header Files\Enemies</Filter>
    </ClInclude>
    <ClInclude Include="Boomerang.h">
      <Filter>Header Files\Items</Filter>
    </ClInclude>
    <ClInclude Include="BoomerangConfig.h">
      <Filter>Header Files\Config</Filter>
    </ClInclude>
    <ClInclude Include="FireBullet.h">
      <Filter>Header Files\Items</Filter>
    </ClInclude>
  </ItemGroup>
</Project>